
Microsoft Visual Studio Solution File, Format Version 12.00
# Visual Studio 15
VisualStudioVersion = 15.0.27004.2002
MinimumVisualStudioVersion = 10.0.40219.1
Project("{FAE04EC0-301F-11D3-BF4B-00C04F79EFBC}") = "MovieList", "MovieList\MovieList.csproj", "{A58D445B-D328-4D9A-8E5A-CCE7A3E68BA3}"
EndProject
Global
	GlobalSection(SolutionConfigurationPlatforms) = preSolution
		Debug|Any CPU = Debug|Any CPU
		Release|Any CPU = Release|Any CPU
	EndGlobalSection
	GlobalSection(ProjectConfigurationPlatforms) = postSolution
		{A58D445B-D328-4D9A-8E5A-CCE7A3E68BA3}.Debug|Any CPU.ActiveCfg = Debug|Any CPU
		{A58D445B-D328-4D9A-8E5A-CCE7A3E68BA3}.Debug|Any CPU.Build.0 = Debug|Any CPU
		{A58D445B-D328-4D9A-8E5A-CCE7A3E68BA3}.Release|Any CPU.ActiveCfg = Release|Any CPU
		{A58D445B-D328-4D9A-8E5A-CCE7A3E68BA3}.Release|Any CPU.Build.0 = Release|Any CPU
	EndGlobalSection
	GlobalSection(SolutionProperties) = preSolution
		HideSolutionNode = FALSE
	EndGlobalSection
	GlobalSection(ExtensibilityGlobals) = postSolution
		SolutionGuid = {280E485E-906D-4DBA-AA30-7F70B527CB3C}
	EndGlobalSection
EndGlobal
